
Microsoft Visual Studio Solution File, Format Version 12.00
# Visual Studio Version 17
VisualStudioVersion = 17.3.32819.101
MinimumVisualStudioVersion = 10.0.40219.1
Project("{FAE04EC0-301F-11D3-BF4B-00C04F79EFBC}") = "taskArray", "taskArray.csproj", "{9E6ED6B7-F9E4-413B-ADC4-6A18A7AD0FB0}"
EndProject
Project("{FAE04EC0-301F-11D3-BF4B-00C04F79EFBC}") = "Tasks For Processing Array Elements", "..\Tasks For Processing Array Elements\Tasks For Processing Array Elements.csproj", "{8DAD905C-0305-4CE0-B8B9-CD10BED261A1}"
EndProject
Global
	GlobalSection(SolutionConfigurationPlatforms) = preSolution
		Debug|Any CPU = Debug|Any CPU
		Release|Any CPU = Release|Any CPU
	EndGlobalSection
	GlobalSection(ProjectConfigurationPlatforms) = postSolution
		{9E6ED6B7-F9E4-413B-ADC4-6A18A7AD0FB0}.Debug|Any CPU.ActiveCfg = Debug|Any CPU
		{9E6ED6B7-F9E4-413B-ADC4-6A18A7AD0FB0}.Debug|Any CPU.Build.0 = Debug|Any CPU
		{9E6ED6B7-F9E4-413B-ADC4-6A18A7AD0FB0}.Release|Any CPU.ActiveCfg = Release|Any CPU
		{9E6ED6B7-F9E4-413B-ADC4-6A18A7AD0FB0}.Release|Any CPU.Build.0 = Release|Any CPU
		{8DAD905C-0305-4CE0-B8B9-CD10BED261A1}.Debug|Any CPU.ActiveCfg = Debug|Any CPU
		{8DAD905C-0305-4CE0-B8B9-CD10BED261A1}.Debug|Any CPU.Build.0 = Debug|Any CPU
		{8DAD905C-0305-4CE0-B8B9-CD10BED261A1}.Release|Any CPU.ActiveCfg = Release|Any CPU
		{8DAD905C-0305-4CE0-B8B9-CD10BED261A1}.Release|Any CPU.Build.0 = Release|Any CPU
	EndGlobalSection
	GlobalSection(SolutionProperties) = preSolution
		HideSolutionNode = FALSE
	EndGlobalSection
	GlobalSection(ExtensibilityGlobals) = postSolution
		SolutionGuid = {98080B4E-8397-4879-BC1B-E592A8763029}
	EndGlobalSection
EndGlobal
